
Microsoft Visual Studio Solution File, Format Version 12.00
# Visual Studio Version 16
VisualStudioVersion = 25.0.1700.0
MinimumVisualStudioVersion = 10.0.40219.1
Project("{FAE04EC0-301F-11D3-BF4B-00C04F79EFBC}") = "Taarafo.Core.Youtube", "Taarafo.Core.Youtube\Taarafo.Core.Youtube.csproj", "{6CB06E66-2A03-4242-A597-E1203ABF1DFF}"
EndProject
Global
	GlobalSection(SolutionConfigurationPlatforms) = preSolution
		Debug|Any CPU = Debug|Any CPU
		Release|Any CPU = Release|Any CPU
	EndGlobalSection
	GlobalSection(ProjectConfigurationPlatforms) = postSolution
		{6CB06E66-2A03-4242-A597-E1203ABF1DFF}.Debug|Any CPU.ActiveCfg = Debug|Any CPU
		{6CB06E66-2A03-4242-A597-E1203ABF1DFF}.Debug|Any CPU.Build.0 = Debug|Any CPU
		{6CB06E66-2A03-4242-A597-E1203ABF1DFF}.Release|Any CPU.ActiveCfg = Release|Any CPU
		{6CB06E66-2A03-4242-A597-E1203ABF1DFF}.Release|Any CPU.Build.0 = Release|Any CPU
	EndGlobalSection
	GlobalSection(SolutionProperties) = preSolution
		HideSolutionNode = FALSE
	EndGlobalSection
	GlobalSection(ExtensibilityGlobals) = postSolution
		SolutionGuid = {22932FD8-B733-4D8F-B7B0-B87E7219C906}
	EndGlobalSection
EndGlobal
